{
  "name": "pikturr",
  "version": "0.0.2",
  "lockfileVersion": 1,
  "requires": true,
  "dependencies": {
    "argparse": {
      "version": "1.0.10",
      "resolved": "https://registry.npmjs.org/argparse/-/argparse-1.0.10.tgz",
      "integrity": "sha512-o5Roy6tNG4SL/FOkCAN6RzjiakZS25RLYFrcMttJqbdd8BWrnA+fGz57iN5Pb06pvBGvl5gQ0B48dJlslXvoTg==",
      "requires": {
        "sprintf-js": "~1.0.2"
      }
    },
    "call-me-maybe": {
      "version": "1.0.1",
      "resolved": "https://registry.npmjs.org/call-me-maybe/-/call-me-maybe-1.0.1.tgz",
      "integrity": "sha1-JtII6onje1y95gJQoV8DHBak1ms="
    },
    "commander": {
      "version": "2.16.0",
      "resolved": "https://registry.npmjs.org/commander/-/commander-2.16.0.tgz",
      "integrity": "sha512-sVXqklSaotK9at437sFlFpyOcJonxe0yST/AG9DkQKUdIE6IqGIMv4SfAQSKaJbSdVEJYItASCrBiVQHq1HQew=="
    },
    "debug": {
      "version": "3.1.0",
      "resolved": "https://registry.npmjs.org/debug/-/debug-3.1.0.tgz",
      "integrity": "sha512-OX8XqP7/1a9cqkxYw2yXss15f26NKWBpDXQd0/uK/KPqdQhxbPa994hnzjcE2VqQpDslf55723cKPUOGSmMY3g==",
      "requires": {
        "ms": "2.0.0"
      }
    },
    "es6-promise": {
      "version": "4.2.4",
      "resolved": "https://registry.npmjs.org/es6-promise/-/es6-promise-4.2.4.tgz",
      "integrity": "sha512-/NdNZVJg+uZgtm9eS3O6lrOLYmQag2DjdEXuPaHlZ6RuVqgqaVZfgYCepEIKsLqwdQArOPtC3XzRLqGGfT8KQQ=="
    },
    "esprima": {
      "version": "4.0.0",
      "resolved": "https://registry.npmjs.org/esprima/-/esprima-4.0.0.tgz",
      "integrity": "sha512-oftTcaMu/EGrEIu904mWteKIv8vMuOgGYo7EhVJJN00R/EED9DCua/xxHRdYnKtcECzVg7xOWhflvJMnqcFZjw=="
    },
    "format-util": {
      "version": "1.0.3",
      "resolved": "https://registry.npmjs.org/format-util/-/format-util-1.0.3.tgz",
      "integrity": "sha1-Ay3KShFiYqEsQ/TD7IVmQWxbLZU="
    },
    "js-yaml": {
      "version": "3.12.0",
      "resolved": "https://registry.npmjs.org/js-yaml/-/js-yaml-3.12.0.tgz",
      "integrity": "sha512-PIt2cnwmPfL4hKNwqeiuz4bKfnzHTBv6HyVgjahA6mPLwPDzjDWrplJBMjHUFxku/N3FlmrbyPclad+I+4mJ3A==",
      "requires": {
        "argparse": "^1.0.7",
        "esprima": "^4.0.0"
      }
    },
    "json-schema-ref-parser": {
      "version": "1.4.1",
      "resolved": "https://registry.npmjs.org/json-schema-ref-parser/-/json-schema-ref-parser-1.4.1.tgz",
      "integrity": "sha1-wMLkOL8HlnI7AkUbrovH3Qs3/tA=",
      "requires": {
        "call-me-maybe": "^1.0.1",
        "debug": "^2.2.0",
        "es6-promise": "^3.0.2",
        "js-yaml": "^3.4.6",
        "ono": "^2.0.1"
      },
      "dependencies": {
        "debug": {
          "version": "2.6.9",
          "resolved": "https://registry.npmjs.org/debug/-/debug-2.6.9.tgz",
          "integrity": "sha512-bC7ElrdJaJnPbAP+1EotYvqZsb3ecl5wi6Bfi6BJTUcNowp6cvspg0jXznRTKDjm/E7AdgFBVeAPVMNcKGsHMA==",
          "requires": {
            "ms": "2.0.0"
          }
        },
        "es6-promise": {
          "version": "3.3.1",
          "resolved": "https://registry.npmjs.org/es6-promise/-/es6-promise-3.3.1.tgz",
          "integrity": "sha1-oIzd6EzNvzTQJ6FFG8kdS80ophM="
        },
        "ono": {
          "version": "2.2.5",
          "resolved": "https://registry.npmjs.org/ono/-/ono-2.2.5.tgz",
          "integrity": "sha1-2vCUiLURdNp6fkJ136sxtDj/oOM="
        }
      }
    },
    "lodash.get": {
      "version": "4.4.2",
      "resolved": "https://registry.npmjs.org/lodash.get/-/lodash.get-4.4.2.tgz",
      "integrity": "sha1-LRd/ZS+jHpObRDjVNBSZ36OCXpk="
    },
    "lodash.isequal": {
      "version": "4.5.0",
      "resolved": "https://registry.npmjs.org/lodash.isequal/-/lodash.isequal-4.5.0.tgz",
      "integrity": "sha1-QVxEePK8wwEgwizhDtMib30+GOA="
    },
    "ms": {
      "version": "2.0.0",
      "resolved": "https://registry.npmjs.org/ms/-/ms-2.0.0.tgz",
      "integrity": "sha1-VgiurfwAvmwpAd9fmGF4jeDVl8g="
    },
    "node-nailgun-client": {
      "version": "0.1.0",
      "resolved": "https://registry.npmjs.org/node-nailgun-client/-/node-nailgun-client-0.1.0.tgz",
      "integrity": "sha1-tkJNsGA3gaGT82c4Xi1hXKbfILI=",
      "requires": {
        "commander": "^2.8.1"
      }
    },
    "node-nailgun-server": {
      "version": "0.1.3",
      "resolved": "https://registry.npmjs.org/node-nailgun-server/-/node-nailgun-server-0.1.3.tgz",
      "integrity": "sha1-plCRjkhhXI18TSOT22cxblrQEvE=",
      "requires": {
        "commander": "^2.8.1"
      }
    },
    "node-plantuml": {
      "version": "0.5.0",
      "resolved": "https://registry.npmjs.org/node-plantuml/-/node-plantuml-0.5.0.tgz",
      "integrity": "sha1-A8LthW5rJyxxShVoRTp0fCZv3B8=",
      "requires": {
        "commander": "^2.8.1",
        "node-nailgun-client": "^0.1.0",
        "node-nailgun-server": "^0.1.3",
        "plantuml-encoder": "^1.2.4"
      }
    },
    "ono": {
      "version": "4.0.5",
      "resolved": "https://registry.npmjs.org/ono/-/ono-4.0.5.tgz",
      "integrity": "sha512-ZVNuV9kJbr/2tWs83I2snrYo+WIS0DISF/xUfX9p9b6GyDD6F5N9PzHjW+p/dep6IGwSYylf1HCub5I/nM0R5Q==",
      "requires": {
        "format-util": "^1.0.3"
      }
    },
    "pako": {
      "version": "1.0.3",
      "resolved": "https://registry.npmjs.org/pako/-/pako-1.0.3.tgz",
      "integrity": "sha1-X1FbDGci4ZgpIK6ABerLC3ynPM8="
    },
    "plantuml-encoder": {
      "version": "1.2.5",
      "resolved": "https://registry.npmjs.org/plantuml-encoder/-/plantuml-encoder-1.2.5.tgz",
      "integrity": "sha512-viV7Sz+BJNX/sC3iyebh2VfLyAZKuu3+JuBs2ISms8+zoTGwPqwk3/WEDw/zROmGAJ/xD4sNd8zsBw/YmTo7ng==",
      "requires": {
        "pako": "1.0.3",
        "utf8-bytes": "0.0.1"
      }
    },
    "sprintf-js": {
      "version": "1.0.3",
      "resolved": "https://registry.npmjs.org/sprintf-js/-/sprintf-js-1.0.3.tgz",
      "integrity": "sha1-BOaSb2YolTVPPdAVIDYzuFcpfiw="
    },
    "swagger-methods": {
      "version": "1.0.4",
      "resolved": "https://registry.npmjs.org/swagger-methods/-/swagger-methods-1.0.4.tgz",
      "integrity": "sha512-xrKFLbrZ6VxRsg+M3uJozJtsEpNI/aPfZsOkoEjXw8vhAqdMIqwTYGj1f4dmUgvJvCdZhV5iArgtqXgs403ltg=="
    },
    "swagger-parser": {
      "version": "3.4.2",
      "resolved": "https://registry.npmjs.org/swagger-parser/-/swagger-parser-3.4.2.tgz",
      "integrity": "sha512-himpIkA50AjTvrgtz0PPbzwWoTjj3F3ye/y1PcW/514YEp1A3IhAcJFkkEu7b1zHnSIthnzxC8aTy+XZG0D+iA==",
      "requires": {
        "call-me-maybe": "^1.0.1",
        "debug": "^3.0.0",
        "es6-promise": "^4.1.1",
        "json-schema-ref-parser": "^1.4.1",
        "ono": "^4.0.2",
        "swagger-methods": "^1.0.0",
        "swagger-schema-official": "2.0.0-bab6bed",
        "z-schema": "^3.16.1"
      }
    },
    "swagger-schema-official": {
      "version": "2.0.0-bab6bed",
      "resolved": "https://registry.npmjs.org/swagger-schema-official/-/swagger-schema-official-2.0.0-bab6bed.tgz",
      "integrity": "sha1-cAcEaNbSl3ylI3suUZyn0Gouo/0="
    },
    "utf8-bytes": {
      "version": "0.0.1",
      "resolved": "https://registry.npmjs.org/utf8-bytes/-/utf8-bytes-0.0.1.tgz",
      "integrity": "sha1-EWsCVEjJtQAIHN+/H01sbDfYg30="
    },
    "validator": {
      "version": "10.4.0",
      "resolved": "https://registry.npmjs.org/validator/-/validator-10.4.0.tgz",
      "integrity": "sha512-Q/wBy3LB1uOyssgNlXSRmaf22NxjvDNZM2MtIQ4jaEOAB61xsh1TQxsq1CgzUMBV1lDrVMogIh8GjG1DYW0zLg=="
    },
    "z-schema": {
      "version": "3.22.0",
      "resolved": "https://registry.npmjs.org/z-schema/-/z-schema-3.22.0.tgz",
      "integrity": "sha512-Oq82unxX2PTcJ031gFGcksDHE5PNBs5CbcQ1tbre0Sl4Mu5habZTVmEAkuZS4cK//VgIdNg9UG9PMgMlN6KmiA==",
      "requires": {
        "commander": "^2.7.1",
        "lodash.get": "^4.0.0",
        "lodash.isequal": "^4.0.0",
        "validator": "^10.0.0"
      }
    }
  }
}
